// !$*UTF8*$!
{
	archiveVersion = 1;
	classes = {
	};
	objectVersion = 56;
	objects = {

/* Begin PBXBuildFile section */
		DB018BFA2B0EA59F00634B36 /* AppDelegate.swift in Sources */ = {isa = PBXBuildFile; fileRef = DB018BF92B0EA59F00634B36 /* AppDelegate.swift */; };
		DB018BFC2B0EA59F00634B36 /* SceneDelegate.swift in Sources */ = {isa = PBXBuildFile; fileRef = DB018BFB2B0EA59F00634B36 /* SceneDelegate.swift */; };
		DB018C012B0EA59F00634B36 /* Main.storyboard in Resources */ = {isa = PBXBuildFile; fileRef = DB018BFF2B0EA59F00634B36 /* Main.storyboard */; };
		DB018C042B0EA59F00634B36 /* MustC.xcdatamodeld in Sources */ = {isa = PBXBuildFile; fileRef = DB018C022B0EA59F00634B36 /* MustC.xcdatamodeld */; };
		DB018C062B0EA5A100634B36 /* Assets.xcassets in Resources */ = {isa = PBXBuildFile; fileRef = DB018C052B0EA5A100634B36 /* Assets.xcassets */; };
		DB018C092B0EA5A100634B36 /* LaunchScreen.storyboard in Resources */ = {isa = PBXBuildFile; fileRef = DB018C072B0EA5A100634B36 /* LaunchScreen.storyboard */; };
		DB018C112B0EAA3500634B36 /* MovieTableViewController.swift in Sources */ = {isa = PBXBuildFile; fileRef = DB018C102B0EAA3500634B36 /* MovieTableViewController.swift */; };
		DB018C132B0EAA8C00634B36 /* MovieDetailViewController.swift in Sources */ = {isa = PBXBuildFile; fileRef = DB018C122B0EAA8C00634B36 /* MovieDetailViewController.swift */; };
/* End PBXBuildFile section */

/* Begin PBXFileReference section */
		DB018BF62B0EA59F00634B36 /* MustC.app */ = {isa = PBXFileReference; explicitFileType = wrapper.application; includeInIndex = 0; path = MustC.app; sourceTree = BUILT_PRODUCTS_DIR; };
		DB018BF92B0EA59F00634B36 /* AppDelegate.swift */ = {isa = PBXFileReference; lastKnownFileType = sourcecode.swift; path = AppDelegate.swift; sourceTree = "<group>"; };
		DB018BFB2B0EA59F00634B36 /* SceneDelegate.swift */ = {isa = PBXFileReference; lastKnownFileType = sourcecode.swift; path = SceneDelegate.swift; sourceTree = "<group>"; };
		DB018C002B0EA59F00634B36 /* Base */ = {isa = PBXFileReference; lastKnownFileType = file.storyboard; name = Base; path = Base.lproj/Main.storyboard; sourceTree = "<group>"; };
		DB018C032B0EA59F00634B36 /* MustC.xcdatamodel */ = {isa = PBXFileReference; lastKnownFileType = wrapper.xcdatamodel; path = MustC.xcdatamodel; sourceTree = "<group>"; };
		DB018C052B0EA5A100634B36 /* Assets.xcassets */ = {isa = PBXFileReference; lastKnownFileType = folder.assetcatalog; path = Assets.xcassets; sourceTree = "<group>"; };
		DB018C082B0EA5A100634B36 /* Base */ = {isa = PBXFileReference; lastKnownFileType = file.storyboard; name = Base; path = Base.lproj/LaunchScreen.storyboard; sourceTree = "<group>"; };
		DB018C0A2B0EA5A100634B36 /* Info.plist */ = {isa = PBXFileReference; lastKnownFileType = text.plist.xml; path = Info.plist; sourceTree = "<group>"; };
		DB018C102B0EAA3500634B36 /* MovieTableViewController.swift */ = {isa = PBXFileReference; lastKnownFileType = sourcecode.swift; path = MovieTableViewController.swift; sourceTree = "<group>"; };
		DB018C122B0EAA8C00634B36 /* MovieDetailViewController.swift */ = {isa = PBXFileReference; lastKnownFileType = sourcecode.swift; path = MovieDetailViewController.swift; sourceTree = "<group>"; };
/* End PBXFileReference section */

/* Begin PBXFrameworksBuildPhase section */
		DB018BF32B0EA59F00634B36 /* Frameworks */ = {
			isa = PBXFrameworksBuildPhase;
			buildActionMask = 2147483647;
			files = (
			);
			runOnlyForDeploymentPostprocessing = 0;
		};
/* End PBXFrameworksBuildPhase section */

/* Begin PBXGroup section */
		DB018BED2B0EA59F00634B36 = {
			isa = PBXGroup;
			children = (
				DB018BF82B0EA59F00634B36 /* MustC */,
				DB018BF72B0EA59F00634B36 /* Products */,
			);
			sourceTree = "<group>";
		};
		DB018BF72B0EA59F00634B36 /* Products */ = {
			isa = PBXGroup;
			children = (
				DB018BF62B0EA59F00634B36 /* MustC.app */,
			);
			name = Products;
			sourceTree = "<group>";
		};
		DB018BF82B0EA59F00634B36 /* MustC */ = {
			isa = PBXGroup;
			children = (
				DB018BF92B0EA59F00634B36 /* AppDelegate.swift */,
				DB018BFB2B0EA59F00634B36 /* SceneDelegate.swift */,
				DB018C102B0EAA3500634B36 /* MovieTableViewController.swift */,
				DB018C122B0EAA8C00634B36 /* MovieDetailViewController.swift */,
				DB018BFF2B0EA59F00634B36 /* Main.storyboard */,
				DB018C052B0EA5A100634B36 /* Assets.xcassets */,
				DB018C072B0EA5A100634B36 /* LaunchScreen.storyboard */,
				DB018C0A2B0EA5A100634B36 /* Info.plist */,
				DB018C022B0EA59F00634B36 /* MustC.xcdatamodeld */,
			);
			path = MustC;
			sourceTree = "<group>";
		};
/* End PBXGroup section */

/* Begin PBXNativeTarget section */
		DB018BF52B0EA59F00634B36 /* MustC */ = {
			isa = PBXNativeTarget;
			buildConfigurationList = DB018C0D2B0EA5A100634B36 /* Build configuration list for PBXNativeTarget "MustC" */;
			buildPhases = (
				DB018BF22B0EA59F00634B36 /* Sources */,
				DB018BF32B0EA59F00634B36 /* Frameworks */,
				DB018BF42B0EA59F00634B36 /* Resources */,
			);
			buildRules = (
			);
			dependencies = (
			);
			name = MustC;
			productName = MustC;
			productReference = DB018BF62B0EA59F00634B36 /* MustC.app */;
			productType = "com.apple.product-type.application";
		};
/* End PBXNativeTarget section */

/* Begin PBXProject section */
		DB018BEE2B0EA59F00634B36 /* Project object */ = {
			isa = PBXProject;
			attributes = {
				BuildIndependentTargetsInParallel = 1;
				LastSwiftUpdateCheck = 1430;
				LastUpgradeCheck = 1430;
				TargetAttributes = {
					DB018BF52B0EA59F00634B36 = {
						CreatedOnToolsVersion = 14.3.1;
					};
				};
			};
			buildConfigurationList = DB018BF12B0EA59F00634B36 /* Build configuration list for PBXProject "MustC" */;
			compatibilityVersion = "Xcode 14.0";
			developmentRegion = en;
			hasScannedForEncodings = 0;
			knownRegions = (
				en,
				Base,
			);
			mainGroup = DB018BED2B0EA59F00634B36;
			productRefGroup = DB018BF72B0EA59F00634B36 /* Products */;
			projectDirPath = "";
			projectRoot = "";
			targets = (
				DB018BF52B0EA59F00634B36 /* MustC */,
			);
		};
/* End PBXProject section */

/* Begin PBXResourcesBuildPhase section */
		DB018BF42B0EA59F00634B36 /* Resources */ = {
			isa = PBXResourcesBuildPhase;
			buildActionMask = 2147483647;
			files = (
				DB018C092B0EA5A100634B36 /* LaunchScreen.storyboard in Resources */,
				DB018C062B0EA5A100634B36 /* Assets.xcassets in Resources */,
				DB018C012B0EA59F00634B36 /* Main.storyboard in Resources */,
			);
			runOnlyForDeploymentPostprocessing = 0;
		};
/* End PBXResourcesBuildPhase section */

/* Begin PBXSourcesBuildPhase section */
		DB018BF22B0EA59F00634B36 /* Sources */ = {
			isa = PBXSourcesBuildPhase;
			buildActionMask = 2147483647;
			files = (
				DB018C112B0EAA3500634B36 /* MovieTableViewController.swift in Sources */,
				DB018C132B0EAA8C00634B36 /* MovieDetailViewController.swift in Sources */,
				DB018BFA2B0EA59F00634B36 /* AppDelegate.swift in Sources */,
				DB018C042B0EA59F00634B36 /* MustC.xcdatamodeld in Sources */,
				DB018BFC2B0EA59F00634B36 /* SceneDelegate.swift in Sources */,
			);
			runOnlyForDeploymentPostprocessing = 0;
		};
/* End PBXSourcesBuildPhase section */

/* Begin PBXVariantGroup section */
		DB018BFF2B0EA59F00634B36 /* Main.storyboard */ = {
			isa = PBXVariantGroup;
			children = (
				DB018C002B0EA59F00634B36 /* Base */,
			);
			name = Main.storyboard;
			sourceTree = "<group>";
		};
		DB018C072B0EA5A100634B36 /* LaunchScreen.storyboard */ = {
			isa = PBXVariantGroup;
			children = (
				DB018C082B0EA5A100634B36 /* Base */,
			);
			name = LaunchScreen.storyboard;
			sourceTree = "<group>";
		};
/* End PBXVariantGroup section */

/* Begin XCBuildConfiguration section */
		DB018C0B2B0EA5A100634B36 /* Debug */ = {
			isa = XCBuildConfiguration;
			buildSettings = {
				ALWAYS_SEARCH_USER_PATHS = NO;
				CLANG_ANALYZER_NONNULL = YES;
				CLANG_ANALYZER_NUMBER_OBJECT_CONVERSION = YES_AGGRESSIVE;
				CLANG_CXX_LANGUAGE_STANDARD = "gnu++20";
				CLANG_ENABLE_MODULES = YES;
				CLANG_ENABLE_OBJC_ARC = YES;
				CLANG_ENABLE_OBJC_WEAK = YES;
				CLANG_WARN_BLOCK_CAPTURE_AUTORELEASING = YES;
				CLANG_WARN_BOOL_CONVERSION = YES;
				CLANG_WARN_COMMA = YES;
				CLANG_WARN_CONSTANT_CONVERSION = YES;
				CLANG_WARN_DEPRECATED_OBJC_IMPLEMENTATIONS = YES;
				CLANG_WARN_DIRECT_OBJC_ISA_USAGE = YES_ERROR;
				CLANG_WARN_DOCUMENTATION_COMMENTS = YES;
				CLANG_WARN_EMPTY_BODY = YES;
				CLANG_WARN_ENUM_CONVERSION = YES;
				CLANG_WARN_INFINITE_RECURSION = YES;
				CLANG_WARN_INT_CONVERSION = YES;
				CLANG_WARN_NON_LITERAL_NULL_CONVERSION = YES;
				CLANG_WARN_OBJC_IMPLICIT_RETAIN_SELF = YES;
				CLANG_WARN_OBJC_LITERAL_CONVERSION = YES;
				CLANG_WARN_OBJC_ROOT_CLASS = YES_ERROR;
				CLANG_WARN_QUOTED_INCLUDE_IN_FRAMEWORK_HEADER = YES;
				CLANG_WARN_RANGE_LOOP_ANALYSIS = YES;
				CLANG_WARN_STRICT_PROTOTYPES = YES;
				CLANG_WARN_SUSPICIOUS_MOVE = YES;
				CLANG_WARN_UNGUARDED_AVAILABILITY = YES_AGGRESSIVE;
				CLANG_WARN_UNREACHABLE_CODE = YES;
				CLANG_WARN__DUPLICATE_METHOD_MATCH = YES;
				COPY_PHASE_STRIP = NO;
				DEBUG_INFORMATION_FORMAT = dwarf;
				ENABLE_STRICT_OBJC_MSGSEND = YES;
				ENABLE_TESTABILITY = YES;
				GCC_C_LANGUAGE_STANDARD = gnu11;
				GCC_DYNAMIC_NO_PIC = NO;
				GCC_NO_COMMON_BLOCKS = YES;
				GCC_OPTIMIZATION_LEVEL = 0;
				GCC_PREPROCESSOR_DEFINITIONS = (
					"DEBUG=1",
					"$(inherited)",
				);
				GCC_WARN_64_TO_32_BIT_CONVERSION = YES;
				GCC_WARN_ABOUT_RETURN_TYPE = YES_ERROR;
				GCC_WARN_UNDECLARED_SELECTOR = YES;
				GCC_WARN_UNINITIALIZED_AUTOS = YES_AGGRESSIVE;
				GCC_WARN_UNUSED_FUNCTION = YES;
				GCC_WARN_UNUSED_VARIABLE = YES;
				IPHONEOS_DEPLOYMENT_TARGET = 16.4;
				MTL_ENABLE_DEBUG_INFO = INCLUDE_SOURCE;
				MTL_FAST_MATH = YES;
				ONLY_ACTIVE_ARCH = YES;
				SDKROOT = iphoneos;
				SWIFT_ACTIVE_COMPILATION_CONDITIONS = DEBUG;
				SWIFT_OPTIMIZATION_LEVEL = "-Onone";
			};
			name = Debug;
		};
		DB018C0C2B0EA5A100634B36 /* Release */ = {
			isa = XCBuildConfiguration;
			buildSettings = {
				ALWAYS_SEARCH_USER_PATHS = NO;
				CLANG_ANALYZER_NONNULL = YES;
				CLANG_ANALYZER_NUMBER_OBJECT_CONVERSION = YES_AGGRESSIVE;
				CLANG_CXX_LANGUAGE_STANDARD = "gnu++20";
				CLANG_ENABLE_MODULES = YES;
				CLANG_ENABLE_OBJC_ARC = YES;
				CLANG_ENABLE_OBJC_WEAK = YES;
				CLANG_WARN_BLOCK_CAPTURE_AUTORELEASING = YES;
				CLANG_WARN_BOOL_CONVERSION = YES;
				CLANG_WARN_COMMA = YES;
				CLANG_WARN_CONSTANT_CONVERSION = YES;
				CLANG_WARN_DEPRECATED_OBJC_IMPLEMENTATIONS = YES;
				CLANG_WARN_DIRECT_OBJC_ISA_USAGE = YES_ERROR;
				CLANG_WARN_DOCUMENTATION_COMMENTS = YES;
				CLANG_WARN_EMPTY_BODY = YES;
				CLANG_WARN_ENUM_CONVERSION = YES;
				CLANG_WARN_INFINITE_RECURSION = YES;
				CLANG_WARN_INT_CONVERSION = YES;
				CLANG_WARN_NON_LITERAL_NULL_CONVERSION = YES;
				CLANG_WARN_OBJC_IMPLICIT_RETAIN_SELF = YES;
				CLANG_WARN_OBJC_LITERAL_CONVERSION = YES;
				CLANG_WARN_OBJC_ROOT_CLASS = YES_ERROR;
				CLANG_WARN_QUOTED_INCLUDE_IN_FRAMEWORK_HEADER = YES;
				CLANG_WARN_RANGE_LOOP_ANALYSIS = YES;
				CLANG_WARN_STRICT_PROTOTYPES = YES;
				CLANG_WARN_SUSPICIOUS_MOVE = YES;
				CLANG_WARN_UNGUARDED_AVAILABILITY = YES_AGGRESSIVE;
				CLANG_WARN_UNREACHABLE_CODE = YES;
				CLANG_WARN__DUPLICATE_METHOD_MATCH = YES;
				COPY_PHASE_STRIP = NO;
				DEBUG_INFORMATION_FORMAT = "dwarf-with-dsym";
				ENABLE_NS_ASSERTIONS = NO;
				ENABLE_STRICT_OBJC_MSGSEND = YES;
				GCC_C_LANGUAGE_STANDARD = gnu11;
				GCC_NO_COMMON_BLOCKS = YES;
				GCC_WARN_64_TO_32_BIT_CONVERSION = YES;
				GCC_WARN_ABOUT_RETURN_TYPE = YES_ERROR;
				GCC_WARN_UNDECLARED_SELECTOR = YES;
				GCC_WARN_UNINITIALIZED_AUTOS = YES_AGGRESSIVE;
				GCC_WARN_UNUSED_FUNCTION = YES;
				GCC_WARN_UNUSED_VARIABLE = YES;
				IPHONEOS_DEPLOYMENT_TARGET = 16.4;
				MTL_ENABLE_DEBUG_INFO = NO;
				MTL_FAST_MATH = YES;
				SDKROOT = iphoneos;
				SWIFT_COMPILATION_MODE = wholemodule;
				SWIFT_OPTIMIZATION_LEVEL = "-O";
				VALIDATE_PRODUCT = YES;
			};
			name = Release;
		};
		DB018C0E2B0EA5A100634B36 /* Debug */ = {
			isa = XCBuildConfiguration;
			buildSettings = {
				ASSETCATALOG_COMPILER_APPICON_NAME = AppIcon;
				ASSETCATALOG_COMPILER_GLOBAL_ACCENT_COLOR_NAME = AccentColor;
				CODE_SIGN_STYLE = Automatic;
				CURRENT_PROJECT_VERSION = 1;
				DEVELOPMENT_TEAM = 826F4CUPXU;
				GENERATE_INFOPLIST_FILE = YES;
				INFOPLIST_FILE = MustC/Info.plist;
				INFOPLIST_KEY_UIApplicationSupportsIndirectInputEvents = YES;
				INFOPLIST_KEY_UILaunchStoryboardName = LaunchScreen;
				INFOPLIST_KEY_UIMainStoryboardFile = Main;
				INFOPLIST_KEY_UISupportedInterfaceOrientations_iPad = "UIInterfaceOrientationPortrait UIInterfaceOrientationPortraitUpsideDown UIInterfaceOrientationLandscapeLeft UIInterfaceOrientationLandscapeRight";
				INFOPLIST_KEY_UISupportedInterfaceOrientations_iPhone = "UIInterfaceOrientationPortrait UIInterfaceOrientationLandscapeLeft UIInterfaceOrientationLandscapeRight";
				LD_RUNPATH_SEARCH_PATHS = (
					"$(inherited)",
					"@executable_path/Frameworks",
				);
				MARKETING_VERSION = 1.0;
				PRODUCT_BUNDLE_IDENTIFIER = jv658.MustC;
				PRODUCT_NAME = "$(TARGET_NAME)";
				SWIFT_EMIT_LOC_STRINGS = YES;
				SWIFT_VERSION = 5.0;
				TARGETED_DEVICE_FAMILY = "1,2";
			};
			name = Debug;
		};
		DB018C0F2B0EA5A100634B36 /* Release */ = {
			isa = XCBuildConfiguration;
			buildSettings = {
				ASSETCATALOG_COMPILER_APPICON_NAME = AppIcon;
				ASSETCATALOG_COMPILER_GLOBAL_ACCENT_COLOR_NAME = AccentColor;
				CODE_SIGN_STYLE = Automatic;
				CURRENT_PROJECT_VERSION = 1;
				DEVELOPMENT_TEAM = 826F4CUPXU;
				GENERATE_INFOPLIST_FILE = YES;
				INFOPLIST_FILE = MustC/Info.plist;
				INFOPLIST_KEY_UIApplicationSupportsIndirectInputEvents = YES;
				INFOPLIST_KEY_UILaunchStoryboardName = LaunchScreen;
				INFOPLIST_KEY_UIMainStoryboardFile = Main;
				INFOPLIST_KEY_UISupportedInterfaceOrientations_iPad = "UIInterfaceOrientationPortrait UIInterfaceOrientationPortraitUpsideDown UIInterfaceOrientationLandscapeLeft UIInterfaceOrientationLandscapeRight";
				INFOPLIST_KEY_UISupportedInterfaceOrientations_iPhone = "UIInterfaceOrientationPortrait UIInterfaceOrientationLandscapeLeft UIInterfaceOrientationLandscapeRight";
				LD_RUNPATH_SEARCH_PATHS = (
					"$(inherited)",
					"@executable_path/Frameworks",
				);
				MARKETING_VERSION = 1.0;
				PRODUCT_BUNDLE_IDENTIFIER = jv658.MustC;
				PRODUCT_NAME = "$(TARGET_NAME)";
				SWIFT_EMIT_LOC_STRINGS = YES;
				SWIFT_VERSION = 5.0;
				TARGETED_DEVICE_FAMILY = "1,2";
			};
			name = Release;
		};
/* End XCBuildConfiguration section */

/* Begin XCConfigurationList section */
		DB018BF12B0EA59F00634B36 /* Build configuration list for PBXProject "MustC" */ = {
			isa = XCConfigurationList;
			buildConfigurations = (
				DB018C0B2B0EA5A100634B36 /* Debug */,
				DB018C0C2B0EA5A100634B36 /* Release */,
			);
			defaultConfigurationIsVisible = 0;
			defaultConfigurationName = Release;
		};
		DB018C0D2B0EA5A100634B36 /* Build configuration list for PBXNativeTarget "MustC" */ = {
			isa = XCConfigurationList;
			buildConfigurations = (
				DB018C0E2B0EA5A100634B36 /* Debug */,
				DB018C0F2B0EA5A100634B36 /* Release */,
			);
			defaultConfigurationIsVisible = 0;
			defaultConfigurationName = Release;
		};
/* End XCConfigurationList section */

/* Begin XCVersionGroup section */
		DB018C022B0EA59F00634B36 /* MustC.xcdatamodeld */ = {
			isa = XCVersionGroup;
			children = (
				DB018C032B0EA59F00634B36 /* MustC.xcdatamodel */,
			);
			currentVersion = DB018C032B0EA59F00634B36 /* MustC.xcdatamodel */;
			path = MustC.xcdatamodeld;
			sourceTree = "<group>";
			versionGroupType = wrapper.xcdatamodel;
		};
/* End XCVersionGroup section */
	};
	rootObject = DB018BEE2B0EA59F00634B36 /* Project object */;
}
